{
  "name": "next.js-ecommerce-store",
  "version": "0.1.0",
  "lockfileVersion": 3,
  "requires": true,
  "packages": {
    "": {
      "name": "next.js-ecommerce-store",
      "version": "0.1.0",
      "dependencies": {
        "@fortawesome/fontawesome-svg-core": "^7.2.0",
        "@fortawesome/free-solid-svg-icons": "^7.2.0",
        "@fortawesome/react-fontawesome": "^3.3.1",
        "next": "15.4.10",
        "react": "19.1.0",
        "react-dom": "19.1.0",
        "sass": "1.84.0"
      },
      "devDependencies": {
        "@types/node": "^25.6.0",
        "@types/react": "^19.2.14",
        "@types/react-dom": "^19.2.3",
        "eslint": "^10.2.1",
        "eslint-config-upleveled": "^10.0.0",
        "prettier": "^3.8.3",
        "stylelint": "^17.8.0",
        "stylelint-config-upleveled": "^2.0.5",
        "typescript": "^6.0.3"
      }
    },
    "../../node_modules/.pnpm/@types+node@25.6.0/node_modules/@types/node": {
      "version": "25.6.0",
      "dev": true,
      "license": "MIT",
      "dependencies": {
        "undici-types": "~7.19.0"
      }
    },
    "../../node_modules/.pnpm/@types+react-dom@19.2.3_@types+react@19.2.14/node_modules/@types/react-dom": {
      "version": "19.2.3",
      "dev": true,
      "license": "MIT",
      "peerDependencies": {
        "@types/react": "^19.2.0"
      }
    },
    "../../node_modules/.pnpm/@types+react@19.2.14/node_modules/@types/react": {
      "version": "19.2.14",
      "dev": true,
      "license": "MIT",
      "dependencies": {
        "csstype": "^3.2.2"
      }
    },
    "../../node_modules/.pnpm/eslint-config-upleveled@10.0.0_@babel+core@7.28.5_@types+node@25.6.0_@types+react-dom@1_bba900f1218253b59d577f10f4d3741e/node_modules/eslint-config-upleveled": {
      "version": "10.0.0",
      "dev": true,
      "license": "MIT",
      "dependencies": {
        "@babel/eslint-parser": "7.28.6",
        "@eslint/compat": "2.0.2",
        "@next/eslint-plugin-next": "16.1.6",
        "@stylistic/eslint-plugin": "5.9.0",
        "@typescript-eslint/eslint-plugin": "8.56.1",
        "@typescript-eslint/parser": "8.56.1",
        "comment-json": "4.5.1",
        "eslint-config-flat-gitignore": "2.2.1",
        "eslint-import-resolver-typescript": "4.4.4",
        "eslint-plugin-import-x": "4.16.1",
        "eslint-plugin-jsx-a11y": "6.10.2",
        "eslint-plugin-react-dom": "2.13.0",
        "eslint-plugin-react-hooks": "7.0.1",
        "eslint-plugin-react-naming-convention": "2.13.0",
        "eslint-plugin-react-x": "2.13.0",
        "eslint-plugin-security": "4.0.0",
        "eslint-plugin-sonarjs": "4.0.0",
        "eslint-plugin-testing-library": "7.16.0",
        "eslint-plugin-unicorn": "63.0.0",
        "eslint-plugin-upleveled": "2.1.15",
        "is-plain-obj": "4.1.0",
        "sort-package-json": "3.6.1",
        "strip-json-comments": "5.0.3",
        "ts-api-utils": "2.4.0",
        "yaml": "^2.8.1"
      },
      "bin": {
        "upleveled-eslint-install": "bin/install.js"
      },
      "devDependencies": {
        "@typescript-eslint/utils": "8.56.1",
        "eslint-config-upleveled": "9.4.8",
        "prettier": "3.8.1",
        "prettier-plugin-embed": "0.5.1",
        "prettier-plugin-sql": "0.19.2",
        "stylelint": "17.4.0",
        "typescript": "5.9.3"
      },
      "engines": {
        "node": ">=20.9.0"
      },
      "peerDependencies": {
        "@types/node": ">=25.3.2",
        "@types/react": "^19.2.14",
        "@types/react-dom": "^19.2.3",
        "eslint": "^9.39.2",
        "globals": "^17.3.0",
        "typescript": "^5.9.3"
      }
    },
    "../../node_modules/.pnpm/eslint@10.2.1/node_modules/eslint": {
      "version": "10.2.1",
      "dev": true,
      "license": "MIT",
      "dependencies": {
        "@eslint-community/eslint-utils": "^4.8.0",
        "@eslint-community/regexpp": "^4.12.2",
        "@eslint/config-array": "^0.23.5",
        "@eslint/config-helpers": "^0.5.5",
        "@eslint/core": "^1.2.1",
        "@eslint/plugin-kit": "^0.7.1",
        "@humanfs/node": "^0.16.6",
        "@humanwhocodes/module-importer": "^1.0.1",
        "@humanwhocodes/retry": "^0.4.2",
        "@types/estree": "^1.0.6",
        "ajv": "^6.14.0",
        "cross-spawn": "^7.0.6",
        "debug": "^4.3.2",
        "escape-string-regexp": "^4.0.0",
        "eslint-scope": "^9.1.2",
        "eslint-visitor-keys": "^5.0.1",
        "espree": "^11.2.0",
        "esquery": "^1.7.0",
        "esutils": "^2.0.2",
        "fast-deep-equal": "^3.1.3",
        "file-entry-cache": "^8.0.0",
        "find-up": "^5.0.0",
        "glob-parent": "^6.0.2",
        "ignore": "^5.2.0",
        "imurmurhash": "^0.1.4",
        "is-glob": "^4.0.0",
        "json-stable-stringify-without-jsonify": "^1.0.1",
        "minimatch": "^10.2.4",
        "natural-compare": "^1.4.0",
        "optionator": "^0.9.3"
      },
      "bin": {
        "eslint": "bin/eslint.js"
      },
      "devDependencies": {
        "@arethetypeswrong/cli": "^0.18.0",
        "@babel/core": "^7.4.3",
        "@babel/preset-env": "^7.4.3",
        "@cypress/webpack-preprocessor": "^6.0.2",
        "@eslint/eslintrc": "^3.3.5",
        "@eslint/json": "^1.2.0",
        "@types/esquery": "^1.5.4",
        "@types/node": "^22.13.14",
        "@typescript-eslint/parser": "^8.56.0",
        "babel-loader": "^8.0.5",
        "c8": "^11.0.0",
        "chai": "^4.0.1",
        "cheerio": "^0.22.0",
        "common-tags": "^1.8.0",
        "core-js": "^3.1.3",
        "cypress": "^14.1.0",
        "ejs": "^3.0.2",
        "eslint": "file:.",
        "eslint-config-eslint": "file:packages/eslint-config-eslint",
        "eslint-plugin-eslint-plugin": "^7.3.2",
        "eslint-plugin-expect-type": "^0.6.0",
        "eslint-plugin-yml": "^1.14.0",
        "eslint-release": "^3.3.0",
        "eslint-rule-extender": "^0.0.1",
        "eslump": "^3.0.0",
        "esprima": "^4.0.1",
        "fs-teardown": "^0.1.3",
        "glob": "^10.0.0",
        "globals": "^16.2.0",
        "got": "^11.8.3",
        "gray-matter": "^4.0.3",
        "jiti": "^2.6.1",
        "knip": "^5.60.2",
        "lint-staged": "^11.0.0",
        "markdown-it": "^12.2.0",
        "markdown-it-container": "^3.0.0",
        "markdownlint-cli2": "^0.22.0",
        "marked": "^4.0.8",
        "metascraper": "^5.25.7",
        "metascraper-description": "^5.25.7",
        "metascraper-image": "^5.29.3",
        "metascraper-logo": "^5.25.7",
        "metascraper-logo-favicon": "^5.25.7",
        "metascraper-title": "^5.25.7",
        "mocha": "^11.7.1",
        "node-polyfill-webpack-plugin": "^1.0.3",
        "npm-license": "^0.3.3",
        "prettier": "3.8.2",
        "progress": "^2.0.3",
        "proxyquire": "^2.0.1",
        "recast": "^0.23.0",
        "regenerator-runtime": "^0.14.0",
        "semver": "^7.5.3",
        "shelljs": "^0.10.0",
        "sinon": "^11.0.0",
        "typescript": "^5.9.3",
        "webpack": "^5.23.0",
        "webpack-cli": "^4.5.0",
        "yorkie": "^2.0.0"
      },
      "engines": {
        "node": "^20.19.0 || ^22.13.0 || >=24"
      },
      "funding": {
        "url": "https://eslint.org/donate"
      },
      "peerDependencies": {
        "jiti": "*"
      },
      "peerDependenciesMeta": {
        "jiti": {
          "optional": true
        }
      }
    },
    "../../node_modules/.pnpm/next@15.4.10_@babel+core@7.28.5_react-dom@19.1.0_react@19.1.0__react@19.1.0_sass@1.84.0/node_modules/next": {
      "version": "15.4.10",
      "license": "MIT",
      "dependencies": {
        "@next/env": "15.4.10",
        "@swc/helpers": "0.5.15",
        "caniuse-lite": "^1.0.30001579",
        "postcss": "8.4.31",
        "styled-jsx": "5.1.6"
      },
      "bin": {
        "next": "dist/bin/next"
      },
      "devDependencies": {
        "@ampproject/toolbox-optimizer": "2.8.3",
        "@babel/code-frame": "7.26.2",
        "@babel/core": "7.26.10",
        "@babel/eslint-parser": "7.24.6",
        "@babel/generator": "7.27.0",
        "@babel/plugin-syntax-bigint": "7.8.3",
        "@babel/plugin-syntax-dynamic-import": "7.8.3",
        "@babel/plugin-syntax-import-attributes": "7.26.0",
        "@babel/plugin-syntax-jsx": "7.25.9",
        "@babel/plugin-transform-class-properties": "7.25.9",
        "@babel/plugin-transform-export-namespace-from": "7.25.9",
        "@babel/plugin-transform-modules-commonjs": "7.26.3",
        "@babel/plugin-transform-numeric-separator": "7.25.9",
        "@babel/plugin-transform-object-rest-spread": "7.25.9",
        "@babel/plugin-transform-runtime": "7.26.10",
        "@babel/preset-env": "7.26.9",
        "@babel/preset-react": "7.26.3",
        "@babel/preset-typescript": "7.27.0",
        "@babel/runtime": "7.27.0",
        "@babel/traverse": "7.27.0",
        "@babel/types": "7.27.0",
        "@base-ui-components/react": "1.0.0-beta.1",
        "@capsizecss/metrics": "3.4.0",
        "@edge-runtime/cookies": "6.0.0",
        "@edge-runtime/ponyfill": "4.0.0",
        "@edge-runtime/primitives": "6.0.0",
        "@hapi/accept": "5.0.2",
        "@jest/transform": "29.5.0",
        "@jest/types": "29.5.0",
        "@mswjs/interceptors": "0.23.0",
        "@napi-rs/triples": "1.2.0",
        "@next/font": "15.4.10",
        "@next/polyfill-module": "15.4.10",
        "@next/polyfill-nomodule": "15.4.10",
        "@next/react-refresh-utils": "15.4.10",
        "@next/swc": "15.4.10",
        "@opentelemetry/api": "1.6.0",
        "@playwright/test": "1.51.1",
        "@rspack/core": "1.4.5",
        "@storybook/addon-a11y": "8.6.0",
        "@storybook/addon-essentials": "8.6.0",
        "@storybook/addon-interactions": "8.6.0",
        "@storybook/addon-webpack5-compiler-swc": "3.0.0",
        "@storybook/blocks": "8.6.0",
        "@storybook/react": "8.6.0",
        "@storybook/react-webpack5": "8.6.0",
        "@storybook/test": "8.6.0",
        "@storybook/test-runner": "0.21.0",
        "@swc/core": "1.11.24",
        "@swc/types": "0.1.7",
        "@taskr/clear": "1.1.0",
        "@taskr/esnext": "1.1.0",
        "@types/amphtml-validator": "1.0.0",
        "@types/babel__code-frame": "7.0.2",
        "@types/babel__core": "7.1.12",
        "@types/babel__generator": "7.6.2",
        "@types/babel__template": "7.4.0",
        "@types/babel__traverse": "7.11.0",
        "@types/bytes": "3.1.1",
        "@types/ci-info": "2.0.0",
        "@types/compression": "0.0.36",
        "@types/content-disposition": "0.5.4",
        "@types/content-type": "1.1.3",
        "@types/cookie": "0.3.3",
        "@types/cross-spawn": "6.0.0",
        "@types/debug": "4.1.5",
        "@types/express-serve-static-core": "4.17.33",
        "@types/fresh": "0.5.0",
        "@types/glob": "7.1.1",
        "@types/jsonwebtoken": "9.0.0",
        "@types/lodash": "4.14.198",
        "@types/lodash.curry": "4.1.6",
        "@types/path-to-regexp": "1.7.0",
        "@types/picomatch": "2.3.3",
        "@types/platform": "1.3.4",
        "@types/react": "19.0.8",
        "@types/react-dom": "19.0.3",
        "@types/react-is": "18.2.4",
        "@types/semver": "7.3.1",
        "@types/send": "0.14.4",
        "@types/shell-quote": "1.7.1",
        "@types/tar": "6.1.5",
        "@types/text-table": "0.2.1",
        "@types/ua-parser-js": "0.7.36",
        "@types/webpack-sources1": "npm:@types/webpack-sources@0.1.5",
        "@types/ws": "8.2.0",
        "@vercel/ncc": "0.34.0",
        "@vercel/nft": "0.27.1",
        "@vercel/turbopack-ecmascript-runtime": "*",
        "acorn": "8.14.0",
        "amphtml-validator": "1.0.38",
        "anser": "1.4.9",
        "arg": "4.1.0",
        "assert": "2.0.0",
        "async-retry": "1.2.3",
        "async-sema": "3.0.0",
        "axe-playwright": "2.0.3",
        "babel-plugin-react-compiler": "19.0.0-beta-e552027-20250112",
        "babel-plugin-transform-define": "2.0.0",
        "babel-plugin-transform-react-remove-prop-types": "0.4.24",
        "browserify-zlib": "0.2.0",
        "browserslist": "4.24.4",
        "buffer": "5.6.0",
        "busboy": "1.6.0",
        "bytes": "3.1.1",
        "ci-info": "watson/ci-info#f43f6a1cefff47fb361c88cf4b943fdbcaafe540",
        "cli-select": "1.1.2",
        "client-only": "0.0.1",
        "commander": "12.1.0",
        "comment-json": "3.0.3",
        "compression": "1.7.4",
        "conf": "5.0.0",
        "constants-browserify": "1.0.0",
        "content-disposition": "0.5.3",
        "content-type": "1.0.4",
        "cookie": "0.4.1",
        "cross-env": "6.0.3",
        "cross-spawn": "7.0.3",
        "crypto-browserify": "3.12.0",
        "css-loader": "7.1.2",
        "css.escape": "1.5.1",
        "cssnano-preset-default": "7.0.6",
        "data-uri-to-buffer": "3.0.1",
        "debug": "4.1.1",
        "devalue": "2.0.1",
        "domain-browser": "4.19.0",
        "edge-runtime": "4.0.1",
        "events": "3.3.0",
        "find-up": "4.1.0",
        "fresh": "0.5.2",
        "glob": "7.1.7",
        "gzip-size": "5.1.1",
        "http-proxy": "1.18.1",
        "http-proxy-agent": "5.0.0",
        "https-browserify": "1.0.0",
        "https-proxy-agent": "5.0.1",
        "icss-utils": "5.1.0",
        "ignore-loader": "0.1.2",
        "image-size": "1.2.1",
        "is-docker": "2.0.0",
        "is-wsl": "2.2.0",
        "jest-worker": "27.5.1",
        "json5": "2.2.3",
        "jsonwebtoken": "9.0.0",
        "loader-runner": "4.3.0",
        "loader-utils2": "npm:loader-utils@2.0.4",
        "loader-utils3": "npm:loader-utils@3.1.3",
        "lodash.curry": "4.1.1",
        "mini-css-extract-plugin": "2.4.4",
        "msw": "2.3.0",
        "nanoid": "3.1.32",
        "native-url": "0.3.4",
        "neo-async": "2.6.1",
        "node-html-parser": "5.3.3",
        "ora": "4.0.4",
        "os-browserify": "0.3.0",
        "p-limit": "3.1.0",
        "p-queue": "6.6.2",
        "path-browserify": "1.0.1",
        "path-to-regexp": "6.1.0",
        "picomatch": "4.0.1",
        "postcss-flexbugs-fixes": "5.0.2",
        "postcss-modules-extract-imports": "3.0.0",
        "postcss-modules-local-by-default": "4.2.0",
        "postcss-modules-scope": "3.0.0",
        "postcss-modules-values": "4.0.0",
        "postcss-preset-env": "7.4.3",
        "postcss-safe-parser": "6.0.0",
        "postcss-scss": "4.0.3",
        "postcss-value-parser": "4.2.0",
        "process": "0.11.10",
        "punycode": "2.1.1",
        "querystring-es3": "0.2.1",
        "raw-body": "2.4.1",
        "react-refresh": "0.12.0",
        "recast": "0.23.11",
        "regenerator-runtime": "0.13.4",
        "safe-stable-stringify": "2.5.0",
        "sass-loader": "15.0.0",
        "schema-utils2": "npm:schema-utils@2.7.1",
        "schema-utils3": "npm:schema-utils@3.0.0",
        "semver": "7.3.2",
        "send": "0.18.0",
        "server-only": "0.0.1",
        "setimmediate": "1.0.5",
        "shell-quote": "1.7.3",
        "source-map": "0.6.1",
        "source-map-loader": "5.0.0",
        "source-map08": "npm:source-map@0.8.0-beta.0",
        "stacktrace-parser": "0.1.10",
        "storybook": "8.6.0",
        "stream-browserify": "3.0.0",
        "stream-http": "3.1.1",
        "strict-event-emitter": "0.5.0",
        "string_decoder": "1.3.0",
        "string-hash": "1.1.3",
        "strip-ansi": "6.0.0",
        "style-loader": "4.0.0",
        "superstruct": "1.0.3",
        "tar": "6.1.15",
        "taskr": "1.1.0",
        "terser": "5.27.0",
        "terser-webpack-plugin": "5.3.9",
        "text-table": "0.2.0",
        "timers-browserify": "2.0.12",
        "tty-browserify": "0.0.1",
        "typescript": "5.8.2",
        "ua-parser-js": "1.0.35",
        "unistore": "3.4.1",
        "util": "0.12.4",
        "vm-browserify": "1.1.2",
        "watchpack": "2.4.0",
        "web-vitals": "4.2.1",
        "webpack": "5.98.0",
        "webpack-sources1": "npm:webpack-sources@1.4.3",
        "webpack-sources3": "npm:webpack-sources@3.2.3",
        "ws": "8.2.3",
        "zod": "3.22.3",
        "zod-validation-error": "3.4.0"
      },
      "engines": {
        "node": "^18.18.0 || ^19.8.0 || >= 20.0.0"
      },
      "optionalDependencies": {
        "@next/swc-darwin-arm64": "15.4.8",
        "@next/swc-darwin-x64": "15.4.8",
        "@next/swc-linux-arm64-gnu": "15.4.8",
        "@next/swc-linux-arm64-musl": "15.4.8",
        "@next/swc-linux-x64-gnu": "15.4.8",
        "@next/swc-linux-x64-musl": "15.4.8",
        "@next/swc-win32-arm64-msvc": "15.4.8",
        "@next/swc-win32-x64-msvc": "15.4.8",
        "sharp": "^0.34.3"
      },
      "peerDependencies": {
        "@opentelemetry/api": "^1.1.0",
        "@playwright/test": "^1.51.1",
        "babel-plugin-react-compiler": "*",
        "react": "^18.2.0 || 19.0.0-rc-de68d2f4-20241204 || ^19.0.0",
        "react-dom": "^18.2.0 || 19.0.0-rc-de68d2f4-20241204 || ^19.0.0",
        "sass": "^1.3.0"
      },
      "peerDependenciesMeta": {
        "@opentelemetry/api": {
          "optional": true
        },
        "@playwright/test": {
          "optional": true
        },
        "babel-plugin-react-compiler": {
          "optional": true
        },
        "sass": {
          "optional": true
        }
      }
    },
    "../../node_modules/.pnpm/prettier@3.8.3/node_modules/prettier": {
      "version": "3.8.3",
      "dev": true,
      "license": "MIT",
      "bin": {
        "prettier": "bin/prettier.cjs"
      },
      "engines": {
        "node": ">=14"
      },
      "funding": {
        "url": "https://github.com/prettier/prettier?sponsor=1"
      }
    },
    "../../node_modules/.pnpm/react-dom@19.1.0_react@19.1.0/node_modules/react-dom": {
      "version": "19.1.0",
      "license": "MIT",
      "dependencies": {
        "scheduler": "^0.26.0"
      },
      "peerDependencies": {
        "react": "^19.1.0"
      }
    },
    "../../node_modules/.pnpm/react@19.1.0/node_modules/react": {
      "version": "19.1.0",
      "license": "MIT",
      "peer": true,
      "engines": {
        "node": ">=0.10.0"
      }
    },
    "../../node_modules/.pnpm/sass@1.84.0/node_modules/sass": {
      "version": "1.84.0",
      "license": "MIT",
      "dependencies": {
        "chokidar": "^4.0.0",
        "immutable": "^5.0.2",
        "source-map-js": ">=0.6.2 <2.0.0"
      },
      "bin": {
        "sass": "sass.js"
      },
      "engines": {
        "node": ">=14.0.0"
      },
      "optionalDependencies": {
        "@parcel/watcher": "^2.4.1"
      }
    },
    "../../node_modules/.pnpm/stylelint-config-upleveled@2.0.5_postcss@8.5.10_stylelint-scss@7.0.0_stylelint@17.8.0_t_b11b5a58227f53762c0b08a3c620409d/node_modules/stylelint-config-upleveled": {
      "version": "2.0.5",
      "dev": true,
      "license": "MIT",
      "dependencies": {
        "postcss-styled-syntax": "0.7.1",
        "stylelint-config-css-modules": "4.5.1",
        "stylelint-config-recommended": "18.0.0",
        "stylelint-config-recommended-scss": "17.0.0"
      },
      "devDependencies": {
        "@types/node": "25.0.10",
        "eslint": "9.39.2",
        "eslint-config-upleveled": "9.4.5",
        "execa": "9.6.1",
        "prettier": "3.8.1",
        "typescript": "5.9.3",
        "vitest": "4.0.18"
      },
      "engines": {
        "node": ">=20.9.0"
      },
      "peerDependencies": {
        "stylelint": "^17.0.0",
        "stylelint-scss": "^7.0.0"
      }
    },
    "../../node_modules/.pnpm/stylelint@17.8.0_typescript@6.0.3/node_modules/stylelint": {
      "version": "17.8.0",
      "dev": true,
      "funding": [
        {
          "type": "opencollective",
          "url": "https://opencollective.com/stylelint"
        },
        {
          "type": "github",
          "url": "https://github.com/sponsors/stylelint"
        }
      ],
      "license": "MIT",
      "dependencies": {
        "@csstools/css-calc": "^3.1.1",
        "@csstools/css-parser-algorithms": "^4.0.0",
        "@csstools/css-syntax-patches-for-csstree": "^1.1.2",
        "@csstools/css-tokenizer": "^4.0.0",
        "@csstools/media-query-list-parser": "^5.0.0",
        "@csstools/selector-resolve-nested": "^4.0.0",
        "@csstools/selector-specificity": "^6.0.0",
        "colord": "^2.9.3",
        "cosmiconfig": "^9.0.1",
        "css-functions-list": "^3.3.3",
        "css-tree": "^3.2.1",
        "debug": "^4.4.3",
        "fast-glob": "^3.3.3",
        "fastest-levenshtein": "^1.0.16",
        "file-entry-cache": "^11.1.2",
        "global-modules": "^2.0.0",
        "globby": "^16.2.0",
        "globjoin": "^0.1.4",
        "html-tags": "^5.1.0",
        "ignore": "^7.0.5",
        "import-meta-resolve": "^4.2.0",
        "is-plain-object": "^5.0.0",
        "mathml-tag-names": "^4.0.0",
        "meow": "^14.1.0",
        "micromatch": "^4.0.8",
        "normalize-path": "^3.0.0",
        "picocolors": "^1.1.1",
        "postcss": "^8.5.9",
        "postcss-safe-parser": "^7.0.1",
        "postcss-selector-parser": "^7.1.1",
        "postcss-value-parser": "^4.2.0",
        "string-width": "^8.2.0",
        "supports-hyperlinks": "^4.4.0",
        "svg-tags": "^1.0.0",
        "table": "^6.9.0",
        "write-file-atomic": "^7.0.1"
      },
      "bin": {
        "stylelint": "bin/stylelint.mjs"
      },
      "devDependencies": {
        "@changesets/cli": "^2.30.0",
        "@changesets/get-github-info": "^0.8.0",
        "@jest/globals": "^30.3.0",
        "@stylelint/prettier-config": "^4.0.0",
        "@stylelint/remark-preset": "^5.1.1",
        "@types/css-tree": "^2.3.11",
        "@types/debug": "^4.1.13",
        "@types/global-modules": "^2.0.2",
        "@types/globjoin": "^0.1.2",
        "@types/micromatch": "^4.0.10",
        "@types/normalize-path": "^3.0.2",
        "@types/postcss-less": "^4.0.7",
        "@types/postcss-safe-parser": "^5.0.4",
        "@types/svg-tags": "^1.0.2",
        "@types/write-file-atomic": "^4.0.3",
        "@vscode/windows-process-tree": "^0.7.0",
        "benchmark": "^2.1.4",
        "common-tags": "^1.8.2",
        "deepmerge": "^4.3.1",
        "eslint": "^10.2.0",
        "eslint-config-stylelint": "^27.0.0",
        "eslint-plugin-jest": "^29.15.1",
        "jest": "^30.3.0",
        "jest-preset-stylelint": "^9.1.0",
        "jest-watch-typeahead": "^3.0.1",
        "lint-staged": "^16.4.0",
        "lz-string": "^1.5.0",
        "npm-run-all": "^4.1.5",
        "patch-package": "^8.0.1",
        "pidusage": "^4.0.1",
        "postcss-html": "^1.8.1",
        "postcss-import": "^16.1.1",
        "postcss-less": "^6.0.0",
        "postcss-sass": "^0.5.0",
        "postcss-scss": "^4.0.9",
        "prettier": "^3.8.1",
        "remark-cli": "^12.0.1",
        "sugarss": "^5.0.1",
        "typescript": "^6.0.2"
      },
      "engines": {
        "node": ">=20.19.0"
      }
    },
    "../../node_modules/.pnpm/typescript@6.0.3/node_modules/typescript": {
      "version": "6.0.3",
      "dev": true,
      "license": "Apache-2.0",
      "bin": {
        "tsc": "bin/tsc",
        "tsserver": "bin/tsserver"
      },
      "devDependencies": {
        "@dprint/formatter": "^0.4.1",
        "@dprint/typescript": "0.93.4",
        "@esfx/canceltoken": "^1.0.0",
        "@eslint/js": "^10.0.1",
        "@octokit/rest": "^22.0.1",
        "@types/chai": "^4.3.20",
        "@types/minimist": "^1.2.5",
        "@types/mocha": "^10.0.10",
        "@types/ms": "^2.1.0",
        "@types/node": "latest",
        "@types/source-map-support": "^0.5.10",
        "@types/which": "^3.0.4",
        "@typescript-eslint/rule-tester": "^8.56.1",
        "@typescript-eslint/type-utils": "^8.56.1",
        "@typescript-eslint/utils": "^8.56.1",
        "azure-devops-node-api": "^15.1.3",
        "c8": "^10.1.3",
        "chai": "^4.5.0",
        "chokidar": "^4.0.3",
        "diff": "^8.0.3",
        "dprint": "^0.49.1",
        "esbuild": "^0.27.3",
        "eslint": "^10.0.2",
        "eslint-plugin-regexp": "^3.0.0",
        "fast-xml-parser": "^5.4.1",
        "glob": "^10.5.0",
        "globals": "^17.4.0",
        "hereby": "^1.12.0",
        "jsonc-parser": "^3.3.1",
        "knip": "^5.85.0",
        "minimist": "^1.2.8",
        "mocha": "^10.8.2",
        "mocha-fivemat-progress-reporter": "^0.1.0",
        "monocart-coverage-reports": "^2.12.9",
        "ms": "^2.1.3",
        "picocolors": "^1.1.1",
        "playwright": "^1.58.2",
        "source-map-support": "^0.5.21",
        "tslib": "^2.8.1",
        "typescript": "^5.9.3",
        "typescript-eslint": "^8.56.1",
        "which": "^3.0.1"
      },
      "engines": {
        "node": ">=14.17"
      }
    },
    "node_modules/@fortawesome/fontawesome-common-types": {
      "version": "7.2.0",
      "resolved": "https://registry.npmjs.org/@fortawesome/fontawesome-common-types/-/fontawesome-common-types-7.2.0.tgz",
      "integrity": "sha512-IpR0bER9FY25p+e7BmFH25MZKEwFHTfRAfhOyJubgiDnoJNsSvJ7nigLraHtp4VOG/cy8D7uiV0dLkHOne5Fhw==",
      "license": "MIT",
      "engines": {
        "node": ">=6"
      }
    },
    "node_modules/@fortawesome/fontawesome-svg-core": {
      "version": "7.2.0",
      "resolved": "https://registry.npmjs.org/@fortawesome/fontawesome-svg-core/-/fontawesome-svg-core-7.2.0.tgz",
      "integrity": "sha512-6639htZMjEkwskf3J+e6/iar+4cTNM9qhoWuRfj9F3eJD6r7iCzV1SWnQr2Mdv0QT0suuqU8BoJCZUyCtP9R4Q==",
      "license": "MIT",
      "peer": true,
      "dependencies": {
        "@fortawesome/fontawesome-common-types": "7.2.0"
      },
      "engines": {
        "node": ">=6"
      }
    },
    "node_modules/@fortawesome/free-solid-svg-icons": {
      "version": "7.2.0",
      "resolved": "https://registry.npmjs.org/@fortawesome/free-solid-svg-icons/-/free-solid-svg-icons-7.2.0.tgz",
      "integrity": "sha512-YTVITFGN0/24PxzXrwqCgnyd7njDuzp5ZvaCx5nq/jg55kUYd94Nj8UTchBdBofi/L0nwRfjGOg0E41d2u9T1w==",
      "license": "(CC-BY-4.0 AND MIT)",
      "dependencies": {
        "@fortawesome/fontawesome-common-types": "7.2.0"
      },
      "engines": {
        "node": ">=6"
      }
    },
    "node_modules/@fortawesome/react-fontawesome": {
      "version": "3.3.1",
      "resolved": "https://registry.npmjs.org/@fortawesome/react-fontawesome/-/react-fontawesome-3.3.1.tgz",
      "integrity": "sha512-wGnAPhfzivDwBWYmEG8MSrEXPruoiMMo48NnsRkj1NZkoaawgOijPNAiSHKMYEoCsqTBSgLTzL6EqTTWGaUR4w==",
      "license": "MIT",
      "engines": {
        "node": ">=20"
      },
      "peerDependencies": {
        "@fortawesome/fontawesome-svg-core": "~6 || ~7",
        "react": "^18.0.0 || ^19.0.0"
      }
    },
    "node_modules/@types/node": {
      "resolved": "../../node_modules/.pnpm/@types+node@25.6.0/node_modules/@types/node",
      "link": true
    },
    "node_modules/@types/react": {
      "resolved": "../../node_modules/.pnpm/@types+react@19.2.14/node_modules/@types/react",
      "link": true
    },
    "node_modules/@types/react-dom": {
      "resolved": "../../node_modules/.pnpm/@types+react-dom@19.2.3_@types+react@19.2.14/node_modules/@types/react-dom",
      "link": true
    },
    "node_modules/eslint": {
      "resolved": "../../node_modules/.pnpm/eslint@10.2.1/node_modules/eslint",
      "link": true
    },
    "node_modules/eslint-config-upleveled": {
      "resolved": "../../node_modules/.pnpm/eslint-config-upleveled@10.0.0_@babel+core@7.28.5_@types+node@25.6.0_@types+react-dom@1_bba900f1218253b59d577f10f4d3741e/node_modules/eslint-config-upleveled",
      "link": true
    },
    "node_modules/next": {
      "resolved": "../../node_modules/.pnpm/next@15.4.10_@babel+core@7.28.5_react-dom@19.1.0_react@19.1.0__react@19.1.0_sass@1.84.0/node_modules/next",
      "link": true
    },
    "node_modules/prettier": {
      "resolved": "../../node_modules/.pnpm/prettier@3.8.3/node_modules/prettier",
      "link": true
    },
    "node_modules/react": {
      "resolved": "../../node_modules/.pnpm/react@19.1.0/node_modules/react",
      "link": true
    },
    "node_modules/react-dom": {
      "resolved": "../../node_modules/.pnpm/react-dom@19.1.0_react@19.1.0/node_modules/react-dom",
      "link": true
    },
    "node_modules/sass": {
      "resolved": "../../node_modules/.pnpm/sass@1.84.0/node_modules/sass",
      "link": true
    },
    "node_modules/stylelint": {
      "resolved": "../../node_modules/.pnpm/stylelint@17.8.0_typescript@6.0.3/node_modules/stylelint",
      "link": true
    },
    "node_modules/stylelint-config-upleveled": {
      "resolved": "../../node_modules/.pnpm/stylelint-config-upleveled@2.0.5_postcss@8.5.10_stylelint-scss@7.0.0_stylelint@17.8.0_t_b11b5a58227f53762c0b08a3c620409d/node_modules/stylelint-config-upleveled",
      "link": true
    },
    "node_modules/typescript": {
      "resolved": "../../node_modules/.pnpm/typescript@6.0.3/node_modules/typescript",
      "link": true
    }
  }
}
